#MicroXplorer Configuration settings - do not modify
CAN2.BS1=CAN_BS1_1TQ
CAN2.BS2=CAN_BS2_1TQ
CAN2.CalculateTimeBit=1142
CAN2.CalculateTimeQuantum=380.95238095238096
CAN2.IPParameters=CalculateTimeQuantum,CalculateTimeBit,BS1,BS2
File.Version=5
KeepUserPlacement=false
Mcu.Family=STM32F4
Mcu.IP0=CAN2
Mcu.IP1=NVIC
Mcu.IP2=RCC
Mcu.IP3=SYS
Mcu.IP4=TIM4
Mcu.IPNb=5
Mcu.Name=STM32F417V(E-G)Tx
Mcu.Package=LQFP100
Mcu.Pin0=PE2
Mcu.Pin1=PE3
Mcu.Pin10=PA9
Mcu.Pin11=PA10
Mcu.Pin12=PA13
Mcu.Pin13=PA14
Mcu.Pin14=PA15
Mcu.Pin15=PB3
Mcu.Pin16=PB4
Mcu.Pin17=PB5
Mcu.Pin18=PB6
Mcu.Pin19=PE0
Mcu.Pin2=PE4
Mcu.Pin20=PE1
Mcu.Pin21=VP_TIM4_VS_ClockSourceINT
Mcu.Pin3=PE5
Mcu.Pin4=PH0-OSC_IN
Mcu.Pin5=PH1-OSC_OUT
Mcu.Pin6=PD12
Mcu.Pin7=PD13
Mcu.Pin8=PD14
Mcu.Pin9=PD15
Mcu.PinsNb=22
Mcu.UserConstants=
Mcu.UserName=STM32F417VGTx
MxCube.Version=4.10.0
MxDb.Version=DB.4.0.100
NVIC.PriorityGroup=NVIC_PRIORITYGROUP_4
NVIC.SysTick_IRQn=true\:0\:0\:false
PA10.Locked=true
PA10.Signal=USART1_RX
PA13.Mode=JTAG(5-pin)
PA13.Signal=SYS_JTMS-SWDIO
PA14.Mode=JTAG(5-pin)
PA14.Signal=SYS_JTCK-SWCLK
PA15.Mode=JTAG(5-pin)
PA15.Signal=SYS_JTDI
PA9.Locked=true
PA9.Signal=USART1_TX
PB3.Locked=true
PB3.Mode=JTAG(5-pin)
PB3.Signal=SYS_JTDO-SWO
PB4.Locked=true
PB4.Mode=JTAG(5-pin)
PB4.Signal=SYS_JTRST
PB5.Locked=true
PB5.Mode=Slave
PB5.Signal=CAN2_RX
PB6.Mode=Slave
PB6.Signal=CAN2_TX
PCC.Checker=false
PCC.Line=STM32F407/417
PCC.MCU=STM32F417V(E-G)Tx
PCC.MXVersion=4.10.0
PCC.PartNumber=STM32F417VGTx
PCC.Seq0=0
PCC.Series=STM32F4
PCC.Temperature=25
PCC.Vdd=3.3
PD12.Locked=true
PD12.Signal=S_TIM4_CH1
PD13.Locked=true
PD13.Signal=S_TIM4_CH2
PD14.Locked=true
PD14.Signal=S_TIM4_CH3
PD15.Locked=true
PD15.Signal=S_TIM4_CH4
PE0.Locked=true
PE0.Signal=GPIO_Output
PE1.Locked=true
PE1.Signal=GPIO_Output
PE2.Locked=true
PE2.Signal=GPIO_Output
PE3.Locked=true
PE3.Signal=GPIO_Output
PE4.Locked=true
PE4.Signal=GPIO_Output
PE5.Locked=true
PE5.Signal=GPIO_Output
PH0-OSC_IN.Locked=true
PH0-OSC_IN.Signal=RCC_OSC_IN
PH1-OSC_OUT.Locked=true
PH1-OSC_OUT.Signal=RCC_OSC_OUT
ProjectManager.AskForMigrate=true
ProjectManager.BackupPrevious=false
ProjectManager.CompilerOptimize=2
ProjectManager.ComputerToolchain=false
ProjectManager.CoupleFile=false
ProjectManager.DeletePrevious=true
ProjectManager.DeviceId=STM32F417VGTx
ProjectManager.FirmwarePackage=STM32Cube FW_F4 V1.8.0
ProjectManager.FreePins=false
ProjectManager.HalAssertFull=false
ProjectManager.KeepUserCode=true
ProjectManager.LastFirmware=true
ProjectManager.LibraryCopy=0
ProjectManager.ProjectBuild=false
ProjectManager.ProjectFileName=Visage_LEDs_presets.ioc
ProjectManager.ProjectName=Visage_LEDs_presets
ProjectManager.TargetToolchain=EWARM
ProjectManager.ToolChainLocation=
RCC.48MHZClocksFreq_Value=84000000
RCC.AHBFreq_Value=84000000
RCC.APB1CLKDivider=RCC_HCLK_DIV2
RCC.APB1Freq_Value=42000000
RCC.APB1TimFreq_Value=84000000
RCC.APB2Freq_Value=84000000
RCC.APB2TimFreq_Value=84000000
RCC.CortexFreq_Value=84000000
RCC.EthernetFreq_Value=84000000
RCC.FCLKCortexFreq_Value=84000000
RCC.FamilyName=M
RCC.HCLKFreq_Value=84000000
RCC.HSE_VALUE=25000000
RCC.HSI_VALUE=16000000
RCC.I2SClocksFreq_Value=96000000
RCC.IPParameters=FamilyName,HSI_VALUE,VCOInputFreq_Value,VCOOutputFreq_Value,PLLCLKFreq_Value,PLLQCLKFreq_Value,VCOI2SOutputFreq_Value,VcooutputI2S,I2SClocksFreq_Value,LSI_VALUE,RTCFreq_Value,SYSCLKFreq_VALUE,AHBFreq_Value,CortexFreq_Value,APB1Freq_Value,APB2Freq_Value,HSE_VALUE,RTCHSEDivFreq_Value,LSE_VALUE,HCLKFreq_Value,FCLKCortexFreq_Value,APB1TimFreq_Value,APB2TimFreq_Value,EthernetFreq_Value,MCO2PinFreq_Value,48MHZClocksFreq_Value,PLLN,SYSCLKSource,PLLP,APB1CLKDivider
RCC.LSE_VALUE=32768
RCC.LSI_VALUE=32000
RCC.MCO2PinFreq_Value=84000000
RCC.PLLCLKFreq_Value=84000000
RCC.PLLN=336
RCC.PLLP=RCC_PLLP_DIV4
RCC.PLLQCLKFreq_Value=84000000
RCC.RTCFreq_Value=32000
RCC.RTCHSEDivFreq_Value=12500000
RCC.SYSCLKFreq_VALUE=84000000
RCC.SYSCLKSource=RCC_SYSCLKSOURCE_PLLCLK
RCC.VCOI2SOutputFreq_Value=192000000
RCC.VCOInputFreq_Value=1000000
RCC.VCOOutputFreq_Value=336000000
RCC.VcooutputI2S=96000000
SH.S_TIM4_CH1.0=TIM4_CH1
SH.S_TIM4_CH1.ConfNb=1
SH.S_TIM4_CH2.0=TIM4_CH2
SH.S_TIM4_CH2.ConfNb=1
SH.S_TIM4_CH3.0=TIM4_CH3,PWM Generation3 CH3
SH.S_TIM4_CH3.ConfNb=1
SH.S_TIM4_CH4.0=TIM4_CH4
SH.S_TIM4_CH4.ConfNb=1
TIM4.Channel-PWM\ Generation3\ CH3=TIM_CHANNEL_3
TIM4.IPParameters=Channel-PWM Generation3 CH3
VP_TIM4_VS_ClockSourceINT.Mode=Internal
VP_TIM4_VS_ClockSourceINT.Signal=TIM4_VS_ClockSourceINT
board=Visage_LEDs_presets
